
Microsoft Visual Studio Solution File, Format Version 12.00
# Visual Studio Version 16
VisualStudioVersion = 16.0.30907.101
MinimumVisualStudioVersion = 10.0.40219.1
Project("{FAE04EC0-301F-11D3-BF4B-00C04F79EFBC}") = "woodbox", "woodbox.csproj", "{81F1610A-9A77-4693-A613-DF85788C6341}"
EndProject
Global
	GlobalSection(SolutionConfigurationPlatforms) = preSolution
		Debug|Any CPU = Debug|Any CPU
		Release|Any CPU = Release|Any CPU
	EndGlobalSection
	GlobalSection(ProjectConfigurationPlatforms) = postSolution
		{81F1610A-9A77-4693-A613-DF85788C6341}.Debug|Any CPU.ActiveCfg = Debug|Any CPU
		{81F1610A-9A77-4693-A613-DF85788C6341}.Debug|Any CPU.Build.0 = Debug|Any CPU
		{81F1610A-9A77-4693-A613-DF85788C6341}.Release|Any CPU.ActiveCfg = Release|Any CPU
		{81F1610A-9A77-4693-A613-DF85788C6341}.Release|Any CPU.Build.0 = Release|Any CPU
	EndGlobalSection
	GlobalSection(SolutionProperties) = preSolution
		HideSolutionNode = FALSE
	EndGlobalSection
	GlobalSection(ExtensibilityGlobals) = postSolution
		SolutionGuid = {7B59E227-FE87-4067-987D-5419951DC8F5}
	EndGlobalSection
EndGlobal
